// !$*UTF8*$!
{
	archiveVersion = 1;
	classes = {
	};
	objectVersion = 77;
	objects = {

/* Begin PBXBuildFile section */
		1EB8E76D2D83414F00B507ED /* FirebaseAnalytics in Frameworks */ = {isa = PBXBuildFile; productRef = 1EB8E76C2D83414F00B507ED /* FirebaseAnalytics */; };
		1EB8E76F2D83414F00B507ED /* FirebaseAuth in Frameworks */ = {isa = PBXBuildFile; productRef = 1EB8E76E2D83414F00B507ED /* FirebaseAuth */; };
		1EB8E7712D83414F00B507ED /* FirebaseFirestore in Frameworks */ = {isa = PBXBuildFile; productRef = 1EB8E7702D83414F00B507ED /* FirebaseFirestore */; };
/* End PBXBuildFile section */

/* Begin PBXContainerItemProxy section */
		1EB8E74C2D833F0A00B507ED /* PBXContainerItemProxy */ = {
			isa = PBXContainerItemProxy;
			containerPortal = 1EB8E72D2D833F0900B507ED /* Project object */;
			proxyType = 1;
			remoteGlobalIDString = 1EB8E7342D833F0900B507ED;
			remoteInfo = PureStrykAI;
		};
		1EB8E7562D833F0A00B507ED /* PBXContainerItemProxy */ = {
			isa = PBXContainerItemProxy;
			containerPortal = 1EB8E72D2D833F0900B507ED /* Project object */;
			proxyType = 1;
			remoteGlobalIDString = 1EB8E7342D833F0900B507ED;
			remoteInfo = PureStrykAI;
		};
/* End PBXContainerItemProxy section */

/* Begin PBXFileReference section */
		1EB8E7352D833F0900B507ED /* PureStrykAI.app */ = {isa = PBXFileReference; explicitFileType = wrapper.application; includeInIndex = 0; path = PureStrykAI.app; sourceTree = BUILT_PRODUCTS_DIR; };
		1EB8E74B2D833F0A00B507ED /* PureStrykAITests.xctest */ = {isa = PBXFileReference; explicitFileType = wrapper.cfbundle; includeInIndex = 0; path = PureStrykAITests.xctest; sourceTree = BUILT_PRODUCTS_DIR; };
		1EB8E7552D833F0A00B507ED /* PureStrykAIUITests.xctest */ = {isa = PBXFileReference; explicitFileType = wrapper.cfbundle; includeInIndex = 0; path = PureStrykAIUITests.xctest; sourceTree = BUILT_PRODUCTS_DIR; };
/* End PBXFileReference section */

/* Begin PBXFileSystemSynchronizedBuildFileExceptionSet section */
		1EB8E75D2D833F0A00B507ED /* Exceptions for "PureStrykAI" folder in "PureStrykAI" target */ = {
			isa = PBXFileSystemSynchronizedBuildFileExceptionSet;
			membershipExceptions = (
				Info.plist,
			);
			target = 1EB8E7342D833F0900B507ED /* PureStrykAI */;
		};
/* End PBXFileSystemSynchronizedBuildFileExceptionSet section */

/* Begin PBXFileSystemSynchronizedRootGroup section */
		1EB8E7372D833F0900B507ED /* PureStrykAI */ = {
			isa = PBXFileSystemSynchronizedRootGroup;
			exceptions = (
				1EB8E75D2D833F0A00B507ED /* Exceptions for "PureStrykAI" folder in "PureStrykAI" target */,
			);
			path = PureStrykAI;
			sourceTree = "<group>";
		};
		1EB8E74E2D833F0A00B507ED /* PureStrykAITests */ = {
			isa = PBXFileSystemSynchronizedRootGroup;
			path = PureStrykAITests;
			sourceTree = "<group>";
		};
		1EB8E7582D833F0A00B507ED /* PureStrykAIUITests */ = {
			isa = PBXFileSystemSynchronizedRootGroup;
			path = PureStrykAIUITests;
			sourceTree = "<group>";
		};
/* End PBXFileSystemSynchronizedRootGroup section */

/* Begin PBXFrameworksBuildPhase section */
		1EB8E7322D833F0900B507ED /* Frameworks */ = {
			isa = PBXFrameworksBuildPhase;
			buildActionMask = 2147483647;
			files = (
				1EB8E76D2D83414F00B507ED /* FirebaseAnalytics in Frameworks */,
				1EB8E76F2D83414F00B507ED /* FirebaseAuth in Frameworks */,
				1EB8E7712D83414F00B507ED /* FirebaseFirestore in Frameworks */,
			);
			runOnlyForDeploymentPostprocessing = 0;
		};
		1EB8E7482D833F0A00B507ED /* Frameworks */ = {
			isa = PBXFrameworksBuildPhase;
			buildActionMask = 2147483647;
			files = (
			);
			runOnlyForDeploymentPostprocessing = 0;
		};
		1EB8E7522D833F0A00B507ED /* Frameworks */ = {
			isa = PBXFrameworksBuildPhase;
			buildActionMask = 2147483647;
			files = (
			);
			runOnlyForDeploymentPostprocessing = 0;
		};
/* End PBXFrameworksBuildPhase section */

/* Begin PBXGroup section */
		1EB8E72C2D833F0900B507ED = {
			isa = PBXGroup;
			children = (
				1EB8E7372D833F0900B507ED /* PureStrykAI */,
				1EB8E74E2D833F0A00B507ED /* PureStrykAITests */,
				1EB8E7582D833F0A00B507ED /* PureStrykAIUITests */,
				1EB8E7362D833F0900B507ED /* Products */,
			);
			sourceTree = "<group>";
		};
		1EB8E7362D833F0900B507ED /* Products */ = {
			isa = PBXGroup;
			children = (
				1EB8E7352D833F0900B507ED /* PureStrykAI.app */,
				1EB8E74B2D833F0A00B507ED /* PureStrykAITests.xctest */,
				1EB8E7552D833F0A00B507ED /* PureStrykAIUITests.xctest */,
			);
			name = Products;
			sourceTree = "<group>";
		};
/* End PBXGroup section */

/* Begin PBXNativeTarget section */
		1EB8E7342D833F0900B507ED /* PureStrykAI */ = {
			isa = PBXNativeTarget;
			buildConfigurationList = 1EB8E75E2D833F0A00B507ED /* Build configuration list for PBXNativeTarget "PureStrykAI" */;
			buildPhases = (
				1EB8E7312D833F0900B507ED /* Sources */,
				1EB8E7322D833F0900B507ED /* Frameworks */,
				1EB8E7332D833F0900B507ED /* Resources */,
			);
			buildRules = (
			);
			dependencies = (
			);
			fileSystemSynchronizedGroups = (
				1EB8E7372D833F0900B507ED /* PureStrykAI */,
			);
			name = PureStrykAI;
			packageProductDependencies = (
				1EB8E76C2D83414F00B507ED /* FirebaseAnalytics */,
				1EB8E76E2D83414F00B507ED /* FirebaseAuth */,
				1EB8E7702D83414F00B507ED /* FirebaseFirestore */,
			);
			productName = PureStrykAI;
			productReference = 1EB8E7352D833F0900B507ED /* PureStrykAI.app */;
			productType = "com.apple.product-type.application";
		};
		1EB8E74A2D833F0A00B507ED /* PureStrykAITests */ = {
			isa = PBXNativeTarget;
			buildConfigurationList = 1EB8E7632D833F0A00B507ED /* Build configuration list for PBXNativeTarget "PureStrykAITests" */;
			buildPhases = (
				1EB8E7472D833F0A00B507ED /* Sources */,
				1EB8E7482D833F0A00B507ED /* Frameworks */,
				1EB8E7492D833F0A00B507ED /* Resources */,
			);
			buildRules = (
			);
			dependencies = (
				1EB8E74D2D833F0A00B507ED /* PBXTargetDependency */,
			);
			fileSystemSynchronizedGroups = (
				1EB8E74E2D833F0A00B507ED /* PureStrykAITests */,
			);
			name = PureStrykAITests;
			packageProductDependencies = (
			);
			productName = PureStrykAITests;
			productReference = 1EB8E74B2D833F0A00B507ED /* PureStrykAITests.xctest */;
			productType = "com.apple.product-type.bundle.unit-test";
		};
		1EB8E7542D833F0A00B507ED /* PureStrykAIUITests */ = {
			isa = PBXNativeTarget;
			buildConfigurationList = 1EB8E7662D833F0A00B507ED /* Build configuration list for PBXNativeTarget "PureStrykAIUITests" */;
			buildPhases = (
				1EB8E7512D833F0A00B507ED /* Sources */,
				1EB8E7522D833F0A00B507ED /* Frameworks */,
				1EB8E7532D833F0A00B507ED /* Resources */,
			);
			buildRules = (
			);
			dependencies = (
				1EB8E7572D833F0A00B507ED /* PBXTargetDependency */,
			);
			fileSystemSynchronizedGroups = (
				1EB8E7582D833F0A00B507ED /* PureStrykAIUITests */,
			);
			name = PureStrykAIUITests;
			packageProductDependencies = (
			);
			productName = PureStrykAIUITests;
			productReference = 1EB8E7552D833F0A00B507ED /* PureStrykAIUITests.xctest */;
			productType = "com.apple.product-type.bundle.ui-testing";
		};
/* End PBXNativeTarget section */

/* Begin PBXProject section */
		1EB8E72D2D833F0900B507ED /* Project object */ = {
			isa = PBXProject;
			attributes = {
				BuildIndependentTargetsInParallel = 1;
				LastSwiftUpdateCheck = 1620;
				LastUpgradeCheck = 1620;
				TargetAttributes = {
					1EB8E7342D833F0900B507ED = {
						CreatedOnToolsVersion = 16.2;
					};
					1EB8E74A2D833F0A00B507ED = {
						CreatedOnToolsVersion = 16.2;
						TestTargetID = 1EB8E7342D833F0900B507ED;
					};
					1EB8E7542D833F0A00B507ED = {
						CreatedOnToolsVersion = 16.2;
						TestTargetID = 1EB8E7342D833F0900B507ED;
					};
				};
			};
			buildConfigurationList = 1EB8E7302D833F0900B507ED /* Build configuration list for PBXProject "PureStrykAI" */;
			developmentRegion = en;
			hasScannedForEncodings = 0;
			knownRegions = (
				en,
				Base,
			);
			mainGroup = 1EB8E72C2D833F0900B507ED;
			minimizedProjectReferenceProxies = 1;
			packageReferences = (
				1EB8E76B2D83414F00B507ED /* XCRemoteSwiftPackageReference "firebase-ios-sdk" */,
			);
			preferredProjectObjectVersion = 77;
			productRefGroup = 1EB8E7362D833F0900B507ED /* Products */;
			projectDirPath = "";
			projectRoot = "";
			targets = (
				1EB8E7342D833F0900B507ED /* PureStrykAI */,
				1EB8E74A2D833F0A00B507ED /* PureStrykAITests */,
				1EB8E7542D833F0A00B507ED /* PureStrykAIUITests */,
			);
		};
/* End PBXProject section */

/* Begin PBXResourcesBuildPhase section */
		1EB8E7332D833F0900B507ED /* Resources */ = {
			isa = PBXResourcesBuildPhase;
			buildActionMask = 2147483647;
			files = (
			);
			runOnlyForDeploymentPostprocessing = 0;
		};
		1EB8E7492D833F0A00B507ED /* Resources */ = {
			isa = PBXResourcesBuildPhase;
			buildActionMask = 2147483647;
			files = (
			);
			runOnlyForDeploymentPostprocessing = 0;
		};
		1EB8E7532D833F0A00B507ED /* Resources */ = {
			isa = PBXResourcesBuildPhase;
			buildActionMask = 2147483647;
			files = (
			);
			runOnlyForDeploymentPostprocessing = 0;
		};
/* End PBXResourcesBuildPhase section */

/* Begin PBXSourcesBuildPhase section */
		1EB8E7312D833F0900B507ED /* Sources */ = {
			isa = PBXSourcesBuildPhase;
			buildActionMask = 2147483647;
			files = (
			);
			runOnlyForDeploymentPostprocessing = 0;
		};
		1EB8E7472D833F0A00B507ED /* Sources */ = {
			isa = PBXSourcesBuildPhase;
			buildActionMask = 2147483647;
			files = (
			);
			runOnlyForDeploymentPostprocessing = 0;
		};
		1EB8E7512D833F0A00B507ED /* Sources */ = {
			isa = PBXSourcesBuildPhase;
			buildActionMask = 2147483647;
			files = (
			);
			runOnlyForDeploymentPostprocessing = 0;
		};
/* End PBXSourcesBuildPhase section */

/* Begin PBXTargetDependency section */
		1EB8E74D2D833F0A00B507ED /* PBXTargetDependency */ = {
			isa = PBXTargetDependency;
			target = 1EB8E7342D833F0900B507ED /* PureStrykAI */;
			targetProxy = 1EB8E74C2D833F0A00B507ED /* PBXContainerItemProxy */;
		};
		1EB8E7572D833F0A00B507ED /* PBXTargetDependency */ = {
			isa = PBXTargetDependency;
			target = 1EB8E7342D833F0900B507ED /* PureStrykAI */;
			targetProxy = 1EB8E7562D833F0A00B507ED /* PBXContainerItemProxy */;
		};
/* End PBXTargetDependency section */

/* Begin XCBuildConfiguration section */
		1EB8E75F2D833F0A00B507ED /* Debug */ = {
			isa = XCBuildConfiguration;
			buildSettings = {
				ASSETCATALOG_COMPILER_APPICON_NAME = AppIcon;
				ASSETCATALOG_COMPILER_GLOBAL_ACCENT_COLOR_NAME = AccentColor;
				CODE_SIGN_STYLE = Automatic;
				CURRENT_PROJECT_VERSION = 1;
				DEVELOPMENT_TEAM = P9TUWR6W9M;
				GENERATE_INFOPLIST_FILE = YES;
				INFOPLIST_FILE = PureStrykAI/Info.plist;
				INFOPLIST_KEY_UIApplicationSupportsIndirectInputEvents = YES;
				INFOPLIST_KEY_UILaunchStoryboardName = LaunchScreen;
				INFOPLIST_KEY_UIMainStoryboardFile = Main;
				INFOPLIST_KEY_UISupportedInterfaceOrientations_iPad = "UIInterfaceOrientationPortrait UIInterfaceOrientationPortraitUpsideDown UIInterfaceOrientationLandscapeLeft UIInterfaceOrientationLandscapeRight";
				INFOPLIST_KEY_UISupportedInterfaceOrientations_iPhone = "UIInterfaceOrientationPortrait UIInterfaceOrientationLandscapeLeft UIInterfaceOrientationLandscapeRight";
				LD_RUNPATH_SEARCH_PATHS = (
					"$(inherited)",
					"@executable_path/Frameworks",
				);
				MARKETING_VERSION = 1.0;
				PRODUCT_BUNDLE_IDENTIFIER = com.purestryk.PureStrykAI;
				PRODUCT_NAME = "$(TARGET_NAME)";
				SWIFT_EMIT_LOC_STRINGS = YES;
				SWIFT_VERSION = 5.0;
				TARGETED_DEVICE_FAMILY = "1,2";
			};
			name = Debug;
		};
		1EB8E7602D833F0A00B507ED /* Release */ = {
			isa = XCBuildConfiguration;
			buildSettings = {
				ASSETCATALOG_COMPILER_APPICON_NAME = AppIcon;
				ASSETCATALOG_COMPILER_GLOBAL_ACCENT_COLOR_NAME = AccentColor;
				CODE_SIGN_STYLE = Automatic;
				CURRENT_PROJECT_VERSION = 1;
				DEVELOPMENT_TEAM = P9TUWR6W9M;
				GENERATE_INFOPLIST_FILE = YES;
				INFOPLIST_FILE = PureStrykAI/Info.plist;
				INFOPLIST_KEY_UIApplicationSupportsIndirectInputEvents = YES;
				INFOPLIST_KEY_UILaunchStoryboardName = LaunchScreen;
				INFOPLIST_KEY_UIMainStoryboardFile = Main;
				INFOPLIST_KEY_UISupportedInterfaceOrientations_iPad = "UIInterfaceOrientationPortrait UIInterfaceOrientationPortraitUpsideDown UIInterfaceOrientationLandscapeLeft UIInterfaceOrientationLandscapeRight";
				INFOPLIST_KEY_UISupportedInterfaceOrientations_iPhone = "UIInterfaceOrientationPortrait UIInterfaceOrientationLandscapeLeft UIInterfaceOrientationLandscapeRight";
				LD_RUNPATH_SEARCH_PATHS = (
					"$(inherited)",
					"@executable_path/Frameworks",
				);
				MARKETING_VERSION = 1.0;
				PRODUCT_BUNDLE_IDENTIFIER = com.purestryk.PureStrykAI;
				PRODUCT_NAME = "$(TARGET_NAME)";
				SWIFT_EMIT_LOC_STRINGS = YES;
				SWIFT_VERSION = 5.0;
				TARGETED_DEVICE_FAMILY = "1,2";
			};
			name = Release;
		};
		1EB8E7612D833F0A00B507ED /* Debug */ = {
			isa = XCBuildConfiguration;
			buildSettings = {
				ALWAYS_SEARCH_USER_PATHS = NO;
				ASSETCATALOG_COMPILER_GENERATE_SWIFT_ASSET_SYMBOL_EXTENSIONS = YES;
				CLANG_ANALYZER_NONNULL = YES;
				CLANG_ANALYZER_NUMBER_OBJECT_CONVERSION = YES_AGGRESSIVE;
				CLANG_CXX_LANGUAGE_STANDARD = "gnu++20";
				CLANG_ENABLE_MODULES = YES;
				CLANG_ENABLE_OBJC_ARC = YES;
				CLANG_ENABLE_OBJC_WEAK = YES;
				CLANG_WARN_BLOCK_CAPTURE_AUTORELEASING = YES;
				CLANG_WARN_BOOL_CONVERSION = YES;
				CLANG_WARN_COMMA = YES;
				CLANG_WARN_CONSTANT_CONVERSION = YES;
				CLANG_WARN_DEPRECATED_OBJC_IMPLEMENTATIONS = YES;
				CLANG_WARN_DIRECT_OBJC_ISA_USAGE = YES_ERROR;
				CLANG_WARN_DOCUMENTATION_COMMENTS = YES;
				CLANG_WARN_EMPTY_BODY = YES;
				CLANG_WARN_ENUM_CONVERSION = YES;
				CLANG_WARN_INFINITE_RECURSION = YES;
				CLANG_WARN_INT_CONVERSION = YES;
				CLANG_WARN_NON_LITERAL_NULL_CONVERSION = YES;
				CLANG_WARN_OBJC_IMPLICIT_RETAIN_SELF = YES;
				CLANG_WARN_OBJC_LITERAL_CONVERSION = YES;
				CLANG_WARN_OBJC_ROOT_CLASS = YES_ERROR;
				CLANG_WARN_QUOTED_INCLUDE_IN_FRAMEWORK_HEADER = YES;
				CLANG_WARN_RANGE_LOOP_ANALYSIS = YES;
				CLANG_WARN_STRICT_PROTOTYPES = YES;
				CLANG_WARN_SUSPICIOUS_MOVE = YES;
				CLANG_WARN_UNGUARDED_AVAILABILITY = YES_AGGRESSIVE;
				CLANG_WARN_UNREACHABLE_CODE = YES;
				CLANG_WARN__DUPLICATE_METHOD_MATCH = YES;
				COPY_PHASE_STRIP = NO;
				DEBUG_INFORMATION_FORMAT = dwarf;
				ENABLE_STRICT_OBJC_MSGSEND = YES;
				ENABLE_TESTABILITY = YES;
				ENABLE_USER_SCRIPT_SANDBOXING = YES;
				GCC_C_LANGUAGE_STANDARD = gnu17;
				GCC_DYNAMIC_NO_PIC = NO;
				GCC_NO_COMMON_BLOCKS = YES;
				GCC_OPTIMIZATION_LEVEL = 0;
				GCC_PREPROCESSOR_DEFINITIONS = (
					"DEBUG=1",
					"$(inherited)",
				);
				GCC_WARN_64_TO_32_BIT_CONVERSION = YES;
				GCC_WARN_ABOUT_RETURN_TYPE = YES_ERROR;
				GCC_WARN_UNDECLARED_SELECTOR = YES;
				GCC_WARN_UNINITIALIZED_AUTOS = YES_AGGRESSIVE;
				GCC_WARN_UNUSED_FUNCTION = YES;
				GCC_WARN_UNUSED_VARIABLE = YES;
				IPHONEOS_DEPLOYMENT_TARGET = 18.2;
				LOCALIZATION_PREFERS_STRING_CATALOGS = YES;
				MTL_ENABLE_DEBUG_INFO = INCLUDE_SOURCE;
				MTL_FAST_MATH = YES;
				ONLY_ACTIVE_ARCH = YES;
				SDKROOT = iphoneos;
				SWIFT_ACTIVE_COMPILATION_CONDITIONS = "DEBUG $(inherited)";
				SWIFT_OPTIMIZATION_LEVEL = "-Onone";
			};
			name = Debug;
		};
		1EB8E7622D833F0A00B507ED /* Release */ = {
			isa = XCBuildConfiguration;
			buildSettings = {
				ALWAYS_SEARCH_USER_PATHS = NO;
				ASSETCATALOG_COMPILER_GENERATE_SWIFT_ASSET_SYMBOL_EXTENSIONS = YES;
				CLANG_ANALYZER_NONNULL = YES;
				CLANG_ANALYZER_NUMBER_OBJECT_CONVERSION = YES_AGGRESSIVE;
				CLANG_CXX_LANGUAGE_STANDARD = "gnu++20";
				CLANG_ENABLE_MODULES = YES;
				CLANG_ENABLE_OBJC_ARC = YES;
				CLANG_ENABLE_OBJC_WEAK = YES;
				CLANG_WARN_BLOCK_CAPTURE_AUTORELEASING = YES;
				CLANG_WARN_BOOL_CONVERSION = YES;
				CLANG_WARN_COMMA = YES;
				CLANG_WARN_CONSTANT_CONVERSION = YES;
				CLANG_WARN_DEPRECATED_OBJC_IMPLEMENTATIONS = YES;
				CLANG_WARN_DIRECT_OBJC_ISA_USAGE = YES_ERROR;
				CLANG_WARN_DOCUMENTATION_COMMENTS = YES;
				CLANG_WARN_EMPTY_BODY = YES;
				CLANG_WARN_ENUM_CONVERSION = YES;
				CLANG_WARN_INFINITE_RECURSION = YES;
				CLANG_WARN_INT_CONVERSION = YES;
				CLANG_WARN_NON_LITERAL_NULL_CONVERSION = YES;
				CLANG_WARN_OBJC_IMPLICIT_RETAIN_SELF = YES;
				CLANG_WARN_OBJC_LITERAL_CONVERSION = YES;
				CLANG_WARN_OBJC_ROOT_CLASS = YES_ERROR;
				CLANG_WARN_QUOTED_INCLUDE_IN_FRAMEWORK_HEADER = YES;
				CLANG_WARN_RANGE_LOOP_ANALYSIS = YES;
				CLANG_WARN_STRICT_PROTOTYPES = YES;
				CLANG_WARN_SUSPICIOUS_MOVE = YES;
				CLANG_WARN_UNGUARDED_AVAILABILITY = YES_AGGRESSIVE;
				CLANG_WARN_UNREACHABLE_CODE = YES;
				CLANG_WARN__DUPLICATE_METHOD_MATCH = YES;
				COPY_PHASE_STRIP = NO;
				DEBUG_INFORMATION_FORMAT = "dwarf-with-dsym";
				ENABLE_NS_ASSERTIONS = NO;
				ENABLE_STRICT_OBJC_MSGSEND = YES;
				ENABLE_USER_SCRIPT_SANDBOXING = YES;
				GCC_C_LANGUAGE_STANDARD = gnu17;
				GCC_NO_COMMON_BLOCKS = YES;
				GCC_WARN_64_TO_32_BIT_CONVERSION = YES;
				GCC_WARN_ABOUT_RETURN_TYPE = YES_ERROR;
				GCC_WARN_UNDECLARED_SELECTOR = YES;
				GCC_WARN_UNINITIALIZED_AUTOS = YES_AGGRESSIVE;
				GCC_WARN_UNUSED_FUNCTION = YES;
				GCC_WARN_UNUSED_VARIABLE = YES;
				IPHONEOS_DEPLOYMENT_TARGET = 18.2;
				LOCALIZATION_PREFERS_STRING_CATALOGS = YES;
				MTL_ENABLE_DEBUG_INFO = NO;
				MTL_FAST_MATH = YES;
				SDKROOT = iphoneos;
				SWIFT_COMPILATION_MODE = wholemodule;
				VALIDATE_PRODUCT = YES;
			};
			name = Release;
		};
		1EB8E7642D833F0A00B507ED /* Debug */ = {
			isa = XCBuildConfiguration;
			buildSettings = {
				BUNDLE_LOADER = "$(TEST_HOST)";
				CODE_SIGN_STYLE = Automatic;
				CURRENT_PROJECT_VERSION = 1;
				GENERATE_INFOPLIST_FILE = YES;
				IPHONEOS_DEPLOYMENT_TARGET = 18.2;
				MARKETING_VERSION = 1.0;
				PRODUCT_BUNDLE_IDENTIFIER = com.purestryk.PureStrykAITests;
				PRODUCT_NAME = "$(TARGET_NAME)";
				SWIFT_EMIT_LOC_STRINGS = NO;
				SWIFT_VERSION = 5.0;
				TARGETED_DEVICE_FAMILY = "1,2";
				TEST_HOST = "$(BUILT_PRODUCTS_DIR)/PureStrykAI.app/$(BUNDLE_EXECUTABLE_FOLDER_PATH)/PureStrykAI";
			};
			name = Debug;
		};
		1EB8E7652D833F0A00B507ED /* Release */ = {
			isa = XCBuildConfiguration;
			buildSettings = {
				BUNDLE_LOADER = "$(TEST_HOST)";
				CODE_SIGN_STYLE = Automatic;
				CURRENT_PROJECT_VERSION = 1;
				GENERATE_INFOPLIST_FILE = YES;
				IPHONEOS_DEPLOYMENT_TARGET = 18.2;
				MARKETING_VERSION = 1.0;
				PRODUCT_BUNDLE_IDENTIFIER = com.purestryk.PureStrykAITests;
				PRODUCT_NAME = "$(TARGET_NAME)";
				SWIFT_EMIT_LOC_STRINGS = NO;
				SWIFT_VERSION = 5.0;
				TARGETED_DEVICE_FAMILY = "1,2";
				TEST_HOST = "$(BUILT_PRODUCTS_DIR)/PureStrykAI.app/$(BUNDLE_EXECUTABLE_FOLDER_PATH)/PureStrykAI";
			};
			name = Release;
		};
		1EB8E7672D833F0A00B507ED /* Debug */ = {
			isa = XCBuildConfiguration;
			buildSettings = {
				CODE_SIGN_STYLE = Automatic;
				CURRENT_PROJECT_VERSION = 1;
				GENERATE_INFOPLIST_FILE = YES;
				MARKETING_VERSION = 1.0;
				PRODUCT_BUNDLE_IDENTIFIER = com.purestryk.PureStrykAIUITests;
				PRODUCT_NAME = "$(TARGET_NAME)";
				SWIFT_EMIT_LOC_STRINGS = NO;
				SWIFT_VERSION = 5.0;
				TARGETED_DEVICE_FAMILY = "1,2";
				TEST_TARGET_NAME = PureStrykAI;
			};
			name = Debug;
		};
		1EB8E7682D833F0A00B507ED /* Release */ = {
			isa = XCBuildConfiguration;
			buildSettings = {
				CODE_SIGN_STYLE = Automatic;
				CURRENT_PROJECT_VERSION = 1;
				GENERATE_INFOPLIST_FILE = YES;
				MARKETING_VERSION = 1.0;
				PRODUCT_BUNDLE_IDENTIFIER = com.purestryk.PureStrykAIUITests;
				PRODUCT_NAME = "$(TARGET_NAME)";
				SWIFT_EMIT_LOC_STRINGS = NO;
				SWIFT_VERSION = 5.0;
				TARGETED_DEVICE_FAMILY = "1,2";
				TEST_TARGET_NAME = PureStrykAI;
			};
			name = Release;
		};
/* End XCBuildConfiguration section */

/* Begin XCConfigurationList section */
		1EB8E7302D833F0900B507ED /* Build configuration list for PBXProject "PureStrykAI" */ = {
			isa = XCConfigurationList;
			buildConfigurations = (
				1EB8E7612D833F0A00B507ED /* Debug */,
				1EB8E7622D833F0A00B507ED /* Release */,
			);
			defaultConfigurationIsVisible = 0;
			defaultConfigurationName = Release;
		};
		1EB8E75E2D833F0A00B507ED /* Build configuration list for PBXNativeTarget "PureStrykAI" */ = {
			isa = XCConfigurationList;
			buildConfigurations = (
				1EB8E75F2D833F0A00B507ED /* Debug */,
				1EB8E7602D833F0A00B507ED /* Release */,
			);
			defaultConfigurationIsVisible = 0;
			defaultConfigurationName = Release;
		};
		1EB8E7632D833F0A00B507ED /* Build configuration list for PBXNativeTarget "PureStrykAITests" */ = {
			isa = XCConfigurationList;
			buildConfigurations = (
				1EB8E7642D833F0A00B507ED /* Debug */,
				1EB8E7652D833F0A00B507ED /* Release */,
			);
			defaultConfigurationIsVisible = 0;
			defaultConfigurationName = Release;
		};
		1EB8E7662D833F0A00B507ED /* Build configuration list for PBXNativeTarget "PureStrykAIUITests" */ = {
			isa = XCConfigurationList;
			buildConfigurations = (
				1EB8E7672D833F0A00B507ED /* Debug */,
				1EB8E7682D833F0A00B507ED /* Release */,
			);
			defaultConfigurationIsVisible = 0;
			defaultConfigurationName = Release;
		};
/* End XCConfigurationList section */

/* Begin XCRemoteSwiftPackageReference section */
		1EB8E76B2D83414F00B507ED /* XCRemoteSwiftPackageReference "firebase-ios-sdk" */ = {
			isa = XCRemoteSwiftPackageReference;
			repositoryURL = "https://github.com/firebase/firebase-ios-sdk.git";
			requirement = {
				kind = upToNextMajorVersion;
				minimumVersion = 11.9.0;
			};
		};
/* End XCRemoteSwiftPackageReference section */

/* Begin XCSwiftPackageProductDependency section */
		1EB8E76C2D83414F00B507ED /* FirebaseAnalytics */ = {
			isa = XCSwiftPackageProductDependency;
			package = 1EB8E76B2D83414F00B507ED /* XCRemoteSwiftPackageReference "firebase-ios-sdk" */;
			productName = FirebaseAnalytics;
		};
		1EB8E76E2D83414F00B507ED /* FirebaseAuth */ = {
			isa = XCSwiftPackageProductDependency;
			package = 1EB8E76B2D83414F00B507ED /* XCRemoteSwiftPackageReference "firebase-ios-sdk" */;
			productName = FirebaseAuth;
		};
		1EB8E7702D83414F00B507ED /* FirebaseFirestore */ = {
			isa = XCSwiftPackageProductDependency;
			package = 1EB8E76B2D83414F00B507ED /* XCRemoteSwiftPackageReference "firebase-ios-sdk" */;
			productName = FirebaseFirestore;
		};
/* End XCSwiftPackageProductDependency section */
	};
	rootObject = 1EB8E72D2D833F0900B507ED /* Project object */;
}
